
Microsoft Visual Studio Solution File, Format Version 12.00
# Visual Studio Version 16
VisualStudioVersion = 16.0.808.10
MinimumVisualStudioVersion = 10.0.40219.1
Project("{FAE04EC0-301F-11D3-BF4B-00C04F79EFBC}") = "GitHubVSCSharpLearning", "GitHubVSCSharpLearning\GitHubVSCSharpLearning.csproj", "{0E3CEBE6-5762-4661-9150-7030056F456C}"
EndProject
Global
	GlobalSection(SolutionConfigurationPlatforms) = preSolution
		Debug|Any CPU = Debug|Any CPU
		Release|Any CPU = Release|Any CPU
	EndGlobalSection
	GlobalSection(ProjectConfigurationPlatforms) = postSolution
		{0E3CEBE6-5762-4661-9150-7030056F456C}.Debug|Any CPU.ActiveCfg = Debug|Any CPU
		{0E3CEBE6-5762-4661-9150-7030056F456C}.Debug|Any CPU.Build.0 = Debug|Any CPU
		{0E3CEBE6-5762-4661-9150-7030056F456C}.Release|Any CPU.ActiveCfg = Release|Any CPU
		{0E3CEBE6-5762-4661-9150-7030056F456C}.Release|Any CPU.Build.0 = Release|Any CPU
	EndGlobalSection
	GlobalSection(SolutionProperties) = preSolution
		HideSolutionNode = FALSE
	EndGlobalSection
	GlobalSection(ExtensibilityGlobals) = postSolution
		SolutionGuid = {8F172599-F297-4CFE-AB22-8B3F769A7C1C}
	EndGlobalSection
EndGlobal
