
Microsoft Visual Studio Solution File, Format Version 12.00
# Visual Studio Version 16
VisualStudioVersion = 16.0.808.10
MinimumVisualStudioVersion = 10.0.40219.1
Project("{2150E333-8FDC-42A3-9474-1A3956D46DE8}") = "01Types", "01Types", "{71724565-ED94-42F3-82E0-36C78CEB5DEE}"
EndProject
Project("{2150E333-8FDC-42A3-9474-1A3956D46DE8}") = "02Methods", "02Methods", "{26C10729-04BB-4AAE-8CE6-09194BBB7B06}"
EndProject
Project("{FAE04EC0-301F-11D3-BF4B-00C04F79EFBC}") = "MethodsInCSharp", "MethodsInCSharp\MethodsInCSharp.csproj", "{3FD01696-78EC-40FC-9D93-1E8B620B68E8}"
EndProject
Project("{2150E333-8FDC-42A3-9474-1A3956D46DE8}") = "03ConditionalStatements", "03ConditionalStatements", "{55B405A8-D49C-479C-8C1E-A4EBE37BEAC2}"
EndProject
Project("{FAE04EC0-301F-11D3-BF4B-00C04F79EFBC}") = "ConditionalStatementsInCSharp", "ConditionalStatementsInCSharp\ConditionalStatementsInCSharp.csproj", "{0EC8204C-65E0-49A4-8913-071CD7C34EA4}"
EndProject
Project("{2150E333-8FDC-42A3-9474-1A3956D46DE8}") = "04Loops", "04Loops", "{8FCD69E7-5DB8-47E0-B66B-C1E56EA97E40}"
EndProject
Project("{FAE04EC0-301F-11D3-BF4B-00C04F79EFBC}") = "LoopsInCSharp", "LoopsInCSharp\LoopsInCSharp.csproj", "{40F9FDC8-2098-431D-ADD9-95936832B87A}"
EndProject
Project("{2150E333-8FDC-42A3-9474-1A3956D46DE8}") = "05Arrays", "05Arrays", "{9E28D09E-39EA-4AA4-88A7-CF741398B327}"
EndProject
Project("{FAE04EC0-301F-11D3-BF4B-00C04F79EFBC}") = "ArraysInCSharp", "ArraysInCSharo\ArraysInCSharp.csproj", "{E32E2CFC-4AF1-404D-B01E-00195911087E}"
EndProject
Project("{9344BDBB-3E7F-41FC-A0DD-8665D75EE146}") = "TypesInCSharp", "first_application\TypesInCSharp.csproj", "{8C7DFDEC-8977-46D9-826E-CD8F08339755}"
EndProject
Project("{2150E333-8FDC-42A3-9474-1A3956D46DE8}") = "06Collections", "06Collections", "{EADD4F7C-E2BD-4C80-9DA6-5636FF17D86C}"
EndProject
Project("{FAE04EC0-301F-11D3-BF4B-00C04F79EFBC}") = "CollectionsInCSharp", "CollectionsInCSharp\CollectionsInCSharp.csproj", "{8740FE93-F1AE-4981-AA61-4B36162E228F}"
EndProject
Global
	GlobalSection(SolutionConfigurationPlatforms) = preSolution
		Debug|Any CPU = Debug|Any CPU
		Release|Any CPU = Release|Any CPU
	EndGlobalSection
	GlobalSection(ProjectConfigurationPlatforms) = postSolution
		{3FD01696-78EC-40FC-9D93-1E8B620B68E8}.Debug|Any CPU.ActiveCfg = Debug|Any CPU
		{3FD01696-78EC-40FC-9D93-1E8B620B68E8}.Debug|Any CPU.Build.0 = Debug|Any CPU
		{3FD01696-78EC-40FC-9D93-1E8B620B68E8}.Release|Any CPU.ActiveCfg = Release|Any CPU
		{3FD01696-78EC-40FC-9D93-1E8B620B68E8}.Release|Any CPU.Build.0 = Release|Any CPU
		{0EC8204C-65E0-49A4-8913-071CD7C34EA4}.Debug|Any CPU.ActiveCfg = Debug|Any CPU
		{0EC8204C-65E0-49A4-8913-071CD7C34EA4}.Debug|Any CPU.Build.0 = Debug|Any CPU
		{0EC8204C-65E0-49A4-8913-071CD7C34EA4}.Release|Any CPU.ActiveCfg = Release|Any CPU
		{0EC8204C-65E0-49A4-8913-071CD7C34EA4}.Release|Any CPU.Build.0 = Release|Any CPU
		{40F9FDC8-2098-431D-ADD9-95936832B87A}.Debug|Any CPU.ActiveCfg = Debug|Any CPU
		{40F9FDC8-2098-431D-ADD9-95936832B87A}.Debug|Any CPU.Build.0 = Debug|Any CPU
		{40F9FDC8-2098-431D-ADD9-95936832B87A}.Release|Any CPU.ActiveCfg = Release|Any CPU
		{40F9FDC8-2098-431D-ADD9-95936832B87A}.Release|Any CPU.Build.0 = Release|Any CPU
		{E32E2CFC-4AF1-404D-B01E-00195911087E}.Debug|Any CPU.ActiveCfg = Debug|Any CPU
		{E32E2CFC-4AF1-404D-B01E-00195911087E}.Debug|Any CPU.Build.0 = Debug|Any CPU
		{E32E2CFC-4AF1-404D-B01E-00195911087E}.Release|Any CPU.ActiveCfg = Release|Any CPU
		{E32E2CFC-4AF1-404D-B01E-00195911087E}.Release|Any CPU.Build.0 = Release|Any CPU
		{8C7DFDEC-8977-46D9-826E-CD8F08339755}.Debug|Any CPU.ActiveCfg = Debug|Any CPU
		{8C7DFDEC-8977-46D9-826E-CD8F08339755}.Debug|Any CPU.Build.0 = Debug|Any CPU
		{8C7DFDEC-8977-46D9-826E-CD8F08339755}.Release|Any CPU.ActiveCfg = Release|Any CPU
		{8C7DFDEC-8977-46D9-826E-CD8F08339755}.Release|Any CPU.Build.0 = Release|Any CPU
		{8740FE93-F1AE-4981-AA61-4B36162E228F}.Debug|Any CPU.ActiveCfg = Debug|Any CPU
		{8740FE93-F1AE-4981-AA61-4B36162E228F}.Debug|Any CPU.Build.0 = Debug|Any CPU
		{8740FE93-F1AE-4981-AA61-4B36162E228F}.Release|Any CPU.ActiveCfg = Release|Any CPU
		{8740FE93-F1AE-4981-AA61-4B36162E228F}.Release|Any CPU.Build.0 = Release|Any CPU
	EndGlobalSection
	GlobalSection(SolutionProperties) = preSolution
		HideSolutionNode = FALSE
	EndGlobalSection
	GlobalSection(ExtensibilityGlobals) = postSolution
		SolutionGuid = {8F172599-F297-4CFE-AB22-8B3F769A7C1C}
	EndGlobalSection
	GlobalSection(NestedProjects) = preSolution
		{3FD01696-78EC-40FC-9D93-1E8B620B68E8} = {26C10729-04BB-4AAE-8CE6-09194BBB7B06}
		{0EC8204C-65E0-49A4-8913-071CD7C34EA4} = {55B405A8-D49C-479C-8C1E-A4EBE37BEAC2}
		{40F9FDC8-2098-431D-ADD9-95936832B87A} = {8FCD69E7-5DB8-47E0-B66B-C1E56EA97E40}
		{E32E2CFC-4AF1-404D-B01E-00195911087E} = {9E28D09E-39EA-4AA4-88A7-CF741398B327}
		{8C7DFDEC-8977-46D9-826E-CD8F08339755} = {71724565-ED94-42F3-82E0-36C78CEB5DEE}
		{8740FE93-F1AE-4981-AA61-4B36162E228F} = {EADD4F7C-E2BD-4C80-9DA6-5636FF17D86C}
	EndGlobalSection
EndGlobal
